<?xml version="1.0" encoding="utf-8"?>
<Project ToolsVersion="4.0" xmlns="http://schemas.microsoft.com/developer/msbuild/2003">
  <ItemGroup>
    <Filter Include="GLFWSource">
      <UniqueIdentifier>{666D4F76-5225-91C3-BB2C-6A1FA7032CB4}</UniqueIdentifier>
    </Filter>
  </ItemGroup>
  <ItemGroup>
    <ClInclude Include="GLFWSource\egl_context.h" />
    <ClInclude Include="GLFWSource\internal.h" />
    <ClInclude Include="GLFWSource\mappings.h" />
    <ClInclude Include="GLFWSource\nsgl_context.h" />
    <ClInclude Include="GLFWSource\osmesa_context.h" />
    <ClInclude Include="GLFWSource\wgl_context.h" />
    <ClInclude Include="GLFWSource\win32_joystick.h" />
    <ClInclude Include="GLFWSource\win32_platform.h" />
    <ClInclude Include="GLFWSource\xkb_unicode.h" />
  </ItemGroup>
  <ItemGroup>
    <ClCompile Include="GLFWSource\context.c">
      <Filter>GLFWSource</Filter>
    </ClCompile>
    <ClCompile Include="GLFWSource\egl_context.c">
      <Filter>GLFWSource</Filter>
    </ClCompile>
    <ClCompile Include="GLFWSource\init.c">
      <Filter>GLFWSource</Filter>
    </ClCompile>
    <ClCompile Include="GLFWSource\input.c">
      <Filter>GLFWSource</Filter>
    </ClCompile>
    <ClCompile Include="GLFWSource\monitor.c">
      <Filter>GLFWSource</Filter>
    </ClCompile>
    <ClCompile Include="GLFWSource\osmesa_context.c">
      <Filter>GLFWSource</Filter>
    </ClCompile>
    <ClCompile Include="GLFWSource\wgl_context.c">
      <Filter>GLFWSource</Filter>
    </ClCompile>
    <ClCompile Include="GLFWSource\win32_init.c">
      <Filter>GLFWSource</Filter>
    </ClCompile>
    <ClCompile Include="GLFWSource\win32_joystick.c">
      <Filter>GLFWSource</Filter>
    </ClCompile>
    <ClCompile Include="GLFWSource\win32_monitor.c">
      <Filter>GLFWSource</Filter>
    </ClCompile>
    <ClCompile Include="GLFWSource\win32_thread.c">
      <Filter>GLFWSource</Filter>
    </ClCompile>
    <ClCompile Include="GLFWSource\win32_time.c">
      <Filter>GLFWSource</Filter>
    </ClCompile>
    <ClCompile Include="GLFWSource\win32_window.c">
      <Filter>GLFWSource</Filter>
    </ClCompile>
    <ClCompile Include="GLFWSource\window.c">
      <Filter>GLFWSource</Filter>
    </ClCompile>
    <ClCompile Include="GLFWSource\xkb_unicode.c">
      <Filter>GLFWSource</Filter>
    </ClCompile>
    <ClCompile Include="GLFWSource\vulkan.c" />
  </ItemGroup>
  <ItemGroup>
    <None Include="GLFWSource\premake5.lua" />
  </ItemGroup>
</Project>